
Microsoft Visual Studio Solution File, Format Version 12.00
# Visual Studio Version 16
VisualStudioVersion = 16.0.30011.22
MinimumVisualStudioVersion = 10.0.40219.1
Project("{FAE04EC0-301F-11D3-BF4B-00C04F79EFBC}") = "MediatR_API_Example", "MediatR_API_Example\MediatR_API_Example.csproj", "{6B94DAC2-F302-4EB3-82E2-B7C74314F4CD}"
EndProject
Global
	GlobalSection(SolutionConfigurationPlatforms) = preSolution
		Debug|Any CPU = Debug|Any CPU
		Release|Any CPU = Release|Any CPU
	EndGlobalSection
	GlobalSection(ProjectConfigurationPlatforms) = postSolution
		{6B94DAC2-F302-4EB3-82E2-B7C74314F4CD}.Debug|Any CPU.ActiveCfg = Debug|Any CPU
		{6B94DAC2-F302-4EB3-82E2-B7C74314F4CD}.Debug|Any CPU.Build.0 = Debug|Any CPU
		{6B94DAC2-F302-4EB3-82E2-B7C74314F4CD}.Release|Any CPU.ActiveCfg = Release|Any CPU
		{6B94DAC2-F302-4EB3-82E2-B7C74314F4CD}.Release|Any CPU.Build.0 = Release|Any CPU
	EndGlobalSection
	GlobalSection(SolutionProperties) = preSolution
		HideSolutionNode = FALSE
	EndGlobalSection
	GlobalSection(ExtensibilityGlobals) = postSolution
		SolutionGuid = {D8A0A4B7-FE39-41A5-B2F0-BC0E69B53971}
	EndGlobalSection
EndGlobal
